
Microsoft Visual Studio Solution File, Format Version 12.00
# Visual Studio 15
VisualStudioVersion = 15.0.28010.2026
MinimumVisualStudioVersion = 10.0.40219.1
Project("{FAE04EC0-301F-11D3-BF4B-00C04F79EFBC}") = "EmployeePortal", "EmployeePortal\EmployeePortal.csproj", "{BA07B471-6BD0-4D12-B250-CD06D8EA1122}"
EndProject
Global
	GlobalSection(SolutionConfigurationPlatforms) = preSolution
		Debug|Any CPU = Debug|Any CPU
		Release|Any CPU = Release|Any CPU
	EndGlobalSection
	GlobalSection(ProjectConfigurationPlatforms) = postSolution
		{BA07B471-6BD0-4D12-B250-CD06D8EA1122}.Debug|Any CPU.ActiveCfg = Debug|Any CPU
		{BA07B471-6BD0-4D12-B250-CD06D8EA1122}.Debug|Any CPU.Build.0 = Debug|Any CPU
		{BA07B471-6BD0-4D12-B250-CD06D8EA1122}.Release|Any CPU.ActiveCfg = Release|Any CPU
		{BA07B471-6BD0-4D12-B250-CD06D8EA1122}.Release|Any CPU.Build.0 = Release|Any CPU
	EndGlobalSection
	GlobalSection(SolutionProperties) = preSolution
		HideSolutionNode = FALSE
	EndGlobalSection
	GlobalSection(ExtensibilityGlobals) = postSolution
		SolutionGuid = {EFE0F0B1-5B4E-4508-B55A-643083B165F5}
	EndGlobalSection
EndGlobal
